// !$*UTF8*$!
{
	archiveVersion = 1;
	classes = {
	};
	objectVersion = 60;
	objects = {

/* Begin PBXBuildFile section */
		681143752C666CB500D7A632 /* SKHelper in Resources */ = {isa = PBXBuildFile; fileRef = 681143742C666CB500D7A632 /* SKHelper */; };
		681143772C666CC900D7A632 /* SKHelper in Frameworks */ = {isa = PBXBuildFile; productRef = 681143762C666CC900D7A632 /* SKHelper */; };
		682046892C629A69002D9A68 /* StoreKit.framework in Frameworks */ = {isa = PBXBuildFile; fileRef = 682046882C629A69002D9A68 /* StoreKit.framework */; };
		682046992C629BEE002D9A68 /* Products.plist in Resources */ = {isa = PBXBuildFile; fileRef = 6820468F2C629BEE002D9A68 /* Products.plist */; };
		6820469A2C629BEE002D9A68 /* Products.storekit in Resources */ = {isa = PBXBuildFile; fileRef = 682046902C629BEE002D9A68 /* Products.storekit */; };
		6820469B2C629BEE002D9A68 /* Preview Assets.xcassets in Resources */ = {isa = PBXBuildFile; fileRef = 682046932C629BEE002D9A68 /* Preview Assets.xcassets */; };
		6820469C2C629BEE002D9A68 /* Assets.xcassets in Resources */ = {isa = PBXBuildFile; fileRef = 682046952C629BEE002D9A68 /* Assets.xcassets */; };
		6820469D2C629BEE002D9A68 /* ContentView.swift in Sources */ = {isa = PBXBuildFile; fileRef = 682046962C629BEE002D9A68 /* ContentView.swift */; };
		6820469E2C629BEE002D9A68 /* SKHelperDemoApp.swift in Sources */ = {isa = PBXBuildFile; fileRef = 682046972C629BEE002D9A68 /* SKHelperDemoApp.swift */; };
		68299E1A2C74AE1400DEEC6B /* PurchaseTestView.swift in Sources */ = {isa = PBXBuildFile; fileRef = 68299E192C74AE1400DEEC6B /* PurchaseTestView.swift */; };
		6893DC112C889F8D006CFC4A /* CurrentEntitlementTestView.swift in Sources */ = {isa = PBXBuildFile; fileRef = 6893DC102C889F8D006CFC4A /* CurrentEntitlementTestView.swift */; };
/* End PBXBuildFile section */

/* Begin PBXFileReference section */
		681143742C666CB500D7A632 /* SKHelper */ = {isa = PBXFileReference; lastKnownFileType = wrapper; name = SKHelper; path = ../../SKHelper; sourceTree = "<group>"; };
		682046722C6298DA002D9A68 /* SKHelperDemo.app */ = {isa = PBXFileReference; explicitFileType = wrapper.application; includeInIndex = 0; path = SKHelperDemo.app; sourceTree = BUILT_PRODUCTS_DIR; };
		682046882C629A69002D9A68 /* StoreKit.framework */ = {isa = PBXFileReference; lastKnownFileType = wrapper.framework; name = StoreKit.framework; path = System/Library/Frameworks/StoreKit.framework; sourceTree = SDKROOT; };
		6820468F2C629BEE002D9A68 /* Products.plist */ = {isa = PBXFileReference; lastKnownFileType = text.plist.xml; path = Products.plist; sourceTree = "<group>"; };
		682046902C629BEE002D9A68 /* Products.storekit */ = {isa = PBXFileReference; lastKnownFileType = text; path = Products.storekit; sourceTree = "<group>"; };
		682046912C629BEE002D9A68 /* SKHelperDemo.entitlements */ = {isa = PBXFileReference; lastKnownFileType = text.plist.entitlements; path = SKHelperDemo.entitlements; sourceTree = "<group>"; };
		682046932C629BEE002D9A68 /* Preview Assets.xcassets */ = {isa = PBXFileReference; lastKnownFileType = folder.assetcatalog; path = "Preview Assets.xcassets"; sourceTree = "<group>"; };
		682046952C629BEE002D9A68 /* Assets.xcassets */ = {isa = PBXFileReference; lastKnownFileType = folder.assetcatalog; path = Assets.xcassets; sourceTree = "<group>"; };
		682046962C629BEE002D9A68 /* ContentView.swift */ = {isa = PBXFileReference; lastKnownFileType = sourcecode.swift; path = ContentView.swift; sourceTree = "<group>"; };
		682046972C629BEE002D9A68 /* SKHelperDemoApp.swift */ = {isa = PBXFileReference; lastKnownFileType = sourcecode.swift; path = SKHelperDemoApp.swift; sourceTree = "<group>"; };
		68299E192C74AE1400DEEC6B /* PurchaseTestView.swift */ = {isa = PBXFileReference; lastKnownFileType = sourcecode.swift; path = PurchaseTestView.swift; sourceTree = "<group>"; };
		6893DC102C889F8D006CFC4A /* CurrentEntitlementTestView.swift */ = {isa = PBXFileReference; lastKnownFileType = sourcecode.swift; path = CurrentEntitlementTestView.swift; sourceTree = "<group>"; };
/* End PBXFileReference section */

/* Begin PBXFrameworksBuildPhase section */
		6820466F2C6298DA002D9A68 /* Frameworks */ = {
			isa = PBXFrameworksBuildPhase;
			buildActionMask = 2147483647;
			files = (
				681143772C666CC900D7A632 /* SKHelper in Frameworks */,
				682046892C629A69002D9A68 /* StoreKit.framework in Frameworks */,
			);
			runOnlyForDeploymentPostprocessing = 0;
		};
/* End PBXFrameworksBuildPhase section */

/* Begin PBXGroup section */
		682046692C6298DA002D9A68 = {
			isa = PBXGroup;
			children = (
				682046872C629A69002D9A68 /* Frameworks */,
				682046732C6298DA002D9A68 /* Products */,
				682046982C629BEE002D9A68 /* SKHelperDemo */,
			);
			sourceTree = "<group>";
		};
		682046732C6298DA002D9A68 /* Products */ = {
			isa = PBXGroup;
			children = (
				682046722C6298DA002D9A68 /* SKHelperDemo.app */,
			);
			name = Products;
			sourceTree = "<group>";
		};
		682046872C629A69002D9A68 /* Frameworks */ = {
			isa = PBXGroup;
			children = (
				682046882C629A69002D9A68 /* StoreKit.framework */,
			);
			name = Frameworks;
			sourceTree = "<group>";
		};
		682046922C629BEE002D9A68 /* Configuration */ = {
			isa = PBXGroup;
			children = (
				6820468F2C629BEE002D9A68 /* Products.plist */,
				682046902C629BEE002D9A68 /* Products.storekit */,
				682046912C629BEE002D9A68 /* SKHelperDemo.entitlements */,
			);
			path = Configuration;
			sourceTree = "<group>";
		};
		682046942C629BEE002D9A68 /* Preview Content */ = {
			isa = PBXGroup;
			children = (
				682046932C629BEE002D9A68 /* Preview Assets.xcassets */,
			);
			path = "Preview Content";
			sourceTree = "<group>";
		};
		682046982C629BEE002D9A68 /* SKHelperDemo */ = {
			isa = PBXGroup;
			children = (
				681143742C666CB500D7A632 /* SKHelper */,
				682046952C629BEE002D9A68 /* Assets.xcassets */,
				682046922C629BEE002D9A68 /* Configuration */,
				682046942C629BEE002D9A68 /* Preview Content */,
				68DD2A0E2C62A8AB007BC81D /* Util */,
				6820469F2C629C00002D9A68 /* Views */,
			);
			path = SKHelperDemo;
			sourceTree = "<group>";
		};
		6820469F2C629C00002D9A68 /* Views */ = {
			isa = PBXGroup;
			children = (
				682046962C629BEE002D9A68 /* ContentView.swift */,
				6893DC102C889F8D006CFC4A /* CurrentEntitlementTestView.swift */,
				68299E192C74AE1400DEEC6B /* PurchaseTestView.swift */,
			);
			path = Views;
			sourceTree = "<group>";
		};
		68DD2A0E2C62A8AB007BC81D /* Util */ = {
			isa = PBXGroup;
			children = (
				682046972C629BEE002D9A68 /* SKHelperDemoApp.swift */,
			);
			path = Util;
			sourceTree = "<group>";
		};
/* End PBXGroup section */

/* Begin PBXNativeTarget section */
		682046712C6298DA002D9A68 /* SKHelperDemo */ = {
			isa = PBXNativeTarget;
			buildConfigurationList = 682046812C6298DA002D9A68 /* Build configuration list for PBXNativeTarget "SKHelperDemo" */;
			buildPhases = (
				6820466E2C6298DA002D9A68 /* Sources */,
				6820466F2C6298DA002D9A68 /* Frameworks */,
				682046702C6298DA002D9A68 /* Resources */,
			);
			buildRules = (
			);
			dependencies = (
			);
			name = SKHelperDemo;
			packageProductDependencies = (
				681143762C666CC900D7A632 /* SKHelper */,
			);
			productName = SKHelperDemo;
			productReference = 682046722C6298DA002D9A68 /* SKHelperDemo.app */;
			productType = "com.apple.product-type.application";
		};
/* End PBXNativeTarget section */

/* Begin PBXProject section */
		6820466A2C6298DA002D9A68 /* Project object */ = {
			isa = PBXProject;
			attributes = {
				BuildIndependentTargetsInParallel = 1;
				LastSwiftUpdateCheck = 1600;
				LastUpgradeCheck = 1600;
				TargetAttributes = {
					682046712C6298DA002D9A68 = {
						CreatedOnToolsVersion = 16.0;
					};
				};
			};
			buildConfigurationList = 6820466D2C6298DA002D9A68 /* Build configuration list for PBXProject "SKHelperDemo" */;
			compatibilityVersion = "Xcode 15.0";
			developmentRegion = en;
			hasScannedForEncodings = 0;
			knownRegions = (
				en,
				Base,
			);
			mainGroup = 682046692C6298DA002D9A68;
			packageReferences = (
			);
			productRefGroup = 682046732C6298DA002D9A68 /* Products */;
			projectDirPath = "";
			projectRoot = "";
			targets = (
				682046712C6298DA002D9A68 /* SKHelperDemo */,
			);
		};
/* End PBXProject section */

/* Begin PBXResourcesBuildPhase section */
		682046702C6298DA002D9A68 /* Resources */ = {
			isa = PBXResourcesBuildPhase;
			buildActionMask = 2147483647;
			files = (
				681143752C666CB500D7A632 /* SKHelper in Resources */,
				682046992C629BEE002D9A68 /* Products.plist in Resources */,
				6820469A2C629BEE002D9A68 /* Products.storekit in Resources */,
				6820469B2C629BEE002D9A68 /* Preview Assets.xcassets in Resources */,
				6820469C2C629BEE002D9A68 /* Assets.xcassets in Resources */,
			);
			runOnlyForDeploymentPostprocessing = 0;
		};
/* End PBXResourcesBuildPhase section */

/* Begin PBXSourcesBuildPhase section */
		6820466E2C6298DA002D9A68 /* Sources */ = {
			isa = PBXSourcesBuildPhase;
			buildActionMask = 2147483647;
			files = (
				6893DC112C889F8D006CFC4A /* CurrentEntitlementTestView.swift in Sources */,
				6820469D2C629BEE002D9A68 /* ContentView.swift in Sources */,
				6820469E2C629BEE002D9A68 /* SKHelperDemoApp.swift in Sources */,
				68299E1A2C74AE1400DEEC6B /* PurchaseTestView.swift in Sources */,
			);
			runOnlyForDeploymentPostprocessing = 0;
		};
/* End PBXSourcesBuildPhase section */

/* Begin XCBuildConfiguration section */
		6820467F2C6298DA002D9A68 /* Debug */ = {
			isa = XCBuildConfiguration;
			buildSettings = {
				ALWAYS_SEARCH_USER_PATHS = NO;
				ASSETCATALOG_COMPILER_GENERATE_SWIFT_ASSET_SYMBOL_EXTENSIONS = YES;
				CLANG_ANALYZER_NONNULL = YES;
				CLANG_ANALYZER_NUMBER_OBJECT_CONVERSION = YES_AGGRESSIVE;
				CLANG_CXX_LANGUAGE_STANDARD = "gnu++20";
				CLANG_ENABLE_MODULES = YES;
				CLANG_ENABLE_OBJC_ARC = YES;
				CLANG_ENABLE_OBJC_WEAK = YES;
				CLANG_WARN_BLOCK_CAPTURE_AUTORELEASING = YES;
				CLANG_WARN_BOOL_CONVERSION = YES;
				CLANG_WARN_COMMA = YES;
				CLANG_WARN_CONSTANT_CONVERSION = YES;
				CLANG_WARN_DEPRECATED_OBJC_IMPLEMENTATIONS = YES;
				CLANG_WARN_DIRECT_OBJC_ISA_USAGE = YES_ERROR;
				CLANG_WARN_DOCUMENTATION_COMMENTS = YES;
				CLANG_WARN_EMPTY_BODY = YES;
				CLANG_WARN_ENUM_CONVERSION = YES;
				CLANG_WARN_INFINITE_RECURSION = YES;
				CLANG_WARN_INT_CONVERSION = YES;
				CLANG_WARN_NON_LITERAL_NULL_CONVERSION = YES;
				CLANG_WARN_OBJC_IMPLICIT_RETAIN_SELF = YES;
				CLANG_WARN_OBJC_LITERAL_CONVERSION = YES;
				CLANG_WARN_OBJC_ROOT_CLASS = YES_ERROR;
				CLANG_WARN_QUOTED_INCLUDE_IN_FRAMEWORK_HEADER = YES;
				CLANG_WARN_RANGE_LOOP_ANALYSIS = YES;
				CLANG_WARN_STRICT_PROTOTYPES = YES;
				CLANG_WARN_SUSPICIOUS_MOVE = YES;
				CLANG_WARN_UNGUARDED_AVAILABILITY = YES_AGGRESSIVE;
				CLANG_WARN_UNREACHABLE_CODE = YES;
				CLANG_WARN__DUPLICATE_METHOD_MATCH = YES;
				COPY_PHASE_STRIP = NO;
				DEBUG_INFORMATION_FORMAT = dwarf;
				ENABLE_STRICT_OBJC_MSGSEND = YES;
				ENABLE_TESTABILITY = YES;
				ENABLE_USER_SCRIPT_SANDBOXING = YES;
				GCC_C_LANGUAGE_STANDARD = gnu17;
				GCC_DYNAMIC_NO_PIC = NO;
				GCC_NO_COMMON_BLOCKS = YES;
				GCC_OPTIMIZATION_LEVEL = 0;
				GCC_PREPROCESSOR_DEFINITIONS = (
					"DEBUG=1",
					"$(inherited)",
				);
				GCC_WARN_64_TO_32_BIT_CONVERSION = YES;
				GCC_WARN_ABOUT_RETURN_TYPE = YES_ERROR;
				GCC_WARN_UNDECLARED_SELECTOR = YES;
				GCC_WARN_UNINITIALIZED_AUTOS = YES_AGGRESSIVE;
				GCC_WARN_UNUSED_FUNCTION = YES;
				GCC_WARN_UNUSED_VARIABLE = YES;
				LOCALIZATION_PREFERS_STRING_CATALOGS = YES;
				MTL_ENABLE_DEBUG_INFO = INCLUDE_SOURCE;
				MTL_FAST_MATH = YES;
				ONLY_ACTIVE_ARCH = YES;
				SWIFT_ACTIVE_COMPILATION_CONDITIONS = "DEBUG $(inherited)";
				SWIFT_OPTIMIZATION_LEVEL = "-Onone";
			};
			name = Debug;
		};
		682046802C6298DA002D9A68 /* Release */ = {
			isa = XCBuildConfiguration;
			buildSettings = {
				ALWAYS_SEARCH_USER_PATHS = NO;
				ASSETCATALOG_COMPILER_GENERATE_SWIFT_ASSET_SYMBOL_EXTENSIONS = YES;
				CLANG_ANALYZER_NONNULL = YES;
				CLANG_ANALYZER_NUMBER_OBJECT_CONVERSION = YES_AGGRESSIVE;
				CLANG_CXX_LANGUAGE_STANDARD = "gnu++20";
				CLANG_ENABLE_MODULES = YES;
				CLANG_ENABLE_OBJC_ARC = YES;
				CLANG_ENABLE_OBJC_WEAK = YES;
				CLANG_WARN_BLOCK_CAPTURE_AUTORELEASING = YES;
				CLANG_WARN_BOOL_CONVERSION = YES;
				CLANG_WARN_COMMA = YES;
				CLANG_WARN_CONSTANT_CONVERSION = YES;
				CLANG_WARN_DEPRECATED_OBJC_IMPLEMENTATIONS = YES;
				CLANG_WARN_DIRECT_OBJC_ISA_USAGE = YES_ERROR;
				CLANG_WARN_DOCUMENTATION_COMMENTS = YES;
				CLANG_WARN_EMPTY_BODY = YES;
				CLANG_WARN_ENUM_CONVERSION = YES;
				CLANG_WARN_INFINITE_RECURSION = YES;
				CLANG_WARN_INT_CONVERSION = YES;
				CLANG_WARN_NON_LITERAL_NULL_CONVERSION = YES;
				CLANG_WARN_OBJC_IMPLICIT_RETAIN_SELF = YES;
				CLANG_WARN_OBJC_LITERAL_CONVERSION = YES;
				CLANG_WARN_OBJC_ROOT_CLASS = YES_ERROR;
				CLANG_WARN_QUOTED_INCLUDE_IN_FRAMEWORK_HEADER = YES;
				CLANG_WARN_RANGE_LOOP_ANALYSIS = YES;
				CLANG_WARN_STRICT_PROTOTYPES = YES;
				CLANG_WARN_SUSPICIOUS_MOVE = YES;
				CLANG_WARN_UNGUARDED_AVAILABILITY = YES_AGGRESSIVE;
				CLANG_WARN_UNREACHABLE_CODE = YES;
				CLANG_WARN__DUPLICATE_METHOD_MATCH = YES;
				COPY_PHASE_STRIP = NO;
				DEBUG_INFORMATION_FORMAT = "dwarf-with-dsym";
				ENABLE_NS_ASSERTIONS = NO;
				ENABLE_STRICT_OBJC_MSGSEND = YES;
				ENABLE_USER_SCRIPT_SANDBOXING = YES;
				GCC_C_LANGUAGE_STANDARD = gnu17;
				GCC_NO_COMMON_BLOCKS = YES;
				GCC_WARN_64_TO_32_BIT_CONVERSION = YES;
				GCC_WARN_ABOUT_RETURN_TYPE = YES_ERROR;
				GCC_WARN_UNDECLARED_SELECTOR = YES;
				GCC_WARN_UNINITIALIZED_AUTOS = YES_AGGRESSIVE;
				GCC_WARN_UNUSED_FUNCTION = YES;
				GCC_WARN_UNUSED_VARIABLE = YES;
				LOCALIZATION_PREFERS_STRING_CATALOGS = YES;
				MTL_ENABLE_DEBUG_INFO = NO;
				MTL_FAST_MATH = YES;
				SWIFT_COMPILATION_MODE = wholemodule;
			};
			name = Release;
		};
		682046822C6298DA002D9A68 /* Debug */ = {
			isa = XCBuildConfiguration;
			buildSettings = {
				ASSETCATALOG_COMPILER_APPICON_NAME = AppIcon;
				ASSETCATALOG_COMPILER_GLOBAL_ACCENT_COLOR_NAME = AccentColor;
				CODE_SIGN_ENTITLEMENTS = SKHelperDemo/Configuration/SKHelperDemo.entitlements;
				CODE_SIGN_STYLE = Automatic;
				CURRENT_PROJECT_VERSION = 1;
				DEVELOPMENT_ASSET_PATHS = "\"SKHelperDemo/Preview Content\"";
				DEVELOPMENT_TEAM = R6BE99W3FU;
				ENABLE_HARDENED_RUNTIME = YES;
				ENABLE_PREVIEWS = YES;
				GENERATE_INFOPLIST_FILE = YES;
				INFOPLIST_KEY_CFBundleDisplayName = SKHelperDemo;
				INFOPLIST_KEY_LSApplicationCategoryType = "public.app-category.developer-tools";
				"INFOPLIST_KEY_UIApplicationSceneManifest_Generation[sdk=iphoneos*]" = YES;
				"INFOPLIST_KEY_UIApplicationSceneManifest_Generation[sdk=iphonesimulator*]" = YES;
				"INFOPLIST_KEY_UIApplicationSupportsIndirectInputEvents[sdk=iphoneos*]" = YES;
				"INFOPLIST_KEY_UIApplicationSupportsIndirectInputEvents[sdk=iphonesimulator*]" = YES;
				"INFOPLIST_KEY_UILaunchScreen_Generation[sdk=iphoneos*]" = YES;
				"INFOPLIST_KEY_UILaunchScreen_Generation[sdk=iphonesimulator*]" = YES;
				"INFOPLIST_KEY_UIStatusBarStyle[sdk=iphoneos*]" = UIStatusBarStyleDefault;
				"INFOPLIST_KEY_UIStatusBarStyle[sdk=iphonesimulator*]" = UIStatusBarStyleDefault;
				INFOPLIST_KEY_UISupportedInterfaceOrientations_iPad = "UIInterfaceOrientationPortrait UIInterfaceOrientationPortraitUpsideDown UIInterfaceOrientationLandscapeLeft UIInterfaceOrientationLandscapeRight";
				INFOPLIST_KEY_UISupportedInterfaceOrientations_iPhone = "UIInterfaceOrientationPortrait UIInterfaceOrientationLandscapeLeft UIInterfaceOrientationLandscapeRight";
				IPHONEOS_DEPLOYMENT_TARGET = 18.0;
				LD_RUNPATH_SEARCH_PATHS = "@executable_path/Frameworks";
				"LD_RUNPATH_SEARCH_PATHS[sdk=macosx*]" = "@executable_path/../Frameworks";
				MACOSX_DEPLOYMENT_TARGET = 14.6;
				MARKETING_VERSION = 1.0;
				PRODUCT_BUNDLE_IDENTIFIER = com.rarcher.SKHelperDemo;
				PRODUCT_NAME = "$(TARGET_NAME)";
				SDKROOT = auto;
				SUPPORTED_PLATFORMS = "iphoneos iphonesimulator macosx xros xrsimulator";
				SWIFT_EMIT_LOC_STRINGS = YES;
				SWIFT_STRICT_CONCURRENCY = complete;
				SWIFT_UPCOMING_FEATURE_EXISTENTIAL_ANY = YES;
				SWIFT_UPCOMING_FEATURE_INTERNAL_IMPORTS_BY_DEFAULT = YES;
				SWIFT_VERSION = 6.0;
				TARGETED_DEVICE_FAMILY = "1,2,7";
				XROS_DEPLOYMENT_TARGET = 2.0;
			};
			name = Debug;
		};
		682046832C6298DA002D9A68 /* Release */ = {
			isa = XCBuildConfiguration;
			buildSettings = {
				ASSETCATALOG_COMPILER_APPICON_NAME = AppIcon;
				ASSETCATALOG_COMPILER_GLOBAL_ACCENT_COLOR_NAME = AccentColor;
				CODE_SIGN_ENTITLEMENTS = SKHelperDemo/Configuration/SKHelperDemo.entitlements;
				CODE_SIGN_STYLE = Automatic;
				CURRENT_PROJECT_VERSION = 1;
				DEVELOPMENT_ASSET_PATHS = "\"SKHelperDemo/Preview Content\"";
				DEVELOPMENT_TEAM = R6BE99W3FU;
				ENABLE_HARDENED_RUNTIME = YES;
				ENABLE_PREVIEWS = YES;
				GENERATE_INFOPLIST_FILE = YES;
				INFOPLIST_KEY_CFBundleDisplayName = SKHelperDemo;
				INFOPLIST_KEY_LSApplicationCategoryType = "public.app-category.developer-tools";
				"INFOPLIST_KEY_UIApplicationSceneManifest_Generation[sdk=iphoneos*]" = YES;
				"INFOPLIST_KEY_UIApplicationSceneManifest_Generation[sdk=iphonesimulator*]" = YES;
				"INFOPLIST_KEY_UIApplicationSupportsIndirectInputEvents[sdk=iphoneos*]" = YES;
				"INFOPLIST_KEY_UIApplicationSupportsIndirectInputEvents[sdk=iphonesimulator*]" = YES;
				"INFOPLIST_KEY_UILaunchScreen_Generation[sdk=iphoneos*]" = YES;
				"INFOPLIST_KEY_UILaunchScreen_Generation[sdk=iphonesimulator*]" = YES;
				"INFOPLIST_KEY_UIStatusBarStyle[sdk=iphoneos*]" = UIStatusBarStyleDefault;
				"INFOPLIST_KEY_UIStatusBarStyle[sdk=iphonesimulator*]" = UIStatusBarStyleDefault;
				INFOPLIST_KEY_UISupportedInterfaceOrientations_iPad = "UIInterfaceOrientationPortrait UIInterfaceOrientationPortraitUpsideDown UIInterfaceOrientationLandscapeLeft UIInterfaceOrientationLandscapeRight";
				INFOPLIST_KEY_UISupportedInterfaceOrientations_iPhone = "UIInterfaceOrientationPortrait UIInterfaceOrientationLandscapeLeft UIInterfaceOrientationLandscapeRight";
				IPHONEOS_DEPLOYMENT_TARGET = 18.0;
				LD_RUNPATH_SEARCH_PATHS = "@executable_path/Frameworks";
				"LD_RUNPATH_SEARCH_PATHS[sdk=macosx*]" = "@executable_path/../Frameworks";
				MACOSX_DEPLOYMENT_TARGET = 14.6;
				MARKETING_VERSION = 1.0;
				PRODUCT_BUNDLE_IDENTIFIER = com.rarcher.SKHelperDemo;
				PRODUCT_NAME = "$(TARGET_NAME)";
				SDKROOT = auto;
				SUPPORTED_PLATFORMS = "iphoneos iphonesimulator macosx xros xrsimulator";
				SWIFT_EMIT_LOC_STRINGS = YES;
				SWIFT_STRICT_CONCURRENCY = complete;
				SWIFT_UPCOMING_FEATURE_EXISTENTIAL_ANY = YES;
				SWIFT_UPCOMING_FEATURE_INTERNAL_IMPORTS_BY_DEFAULT = YES;
				SWIFT_VERSION = 6.0;
				TARGETED_DEVICE_FAMILY = "1,2,7";
				XROS_DEPLOYMENT_TARGET = 2.0;
			};
			name = Release;
		};
/* End XCBuildConfiguration section */

/* Begin XCConfigurationList section */
		6820466D2C6298DA002D9A68 /* Build configuration list for PBXProject "SKHelperDemo" */ = {
			isa = XCConfigurationList;
			buildConfigurations = (
				6820467F2C6298DA002D9A68 /* Debug */,
				682046802C6298DA002D9A68 /* Release */,
			);
			defaultConfigurationIsVisible = 0;
			defaultConfigurationName = Release;
		};
		682046812C6298DA002D9A68 /* Build configuration list for PBXNativeTarget "SKHelperDemo" */ = {
			isa = XCConfigurationList;
			buildConfigurations = (
				682046822C6298DA002D9A68 /* Debug */,
				682046832C6298DA002D9A68 /* Release */,
			);
			defaultConfigurationIsVisible = 0;
			defaultConfigurationName = Release;
		};
/* End XCConfigurationList section */

/* Begin XCSwiftPackageProductDependency section */
		681143762C666CC900D7A632 /* SKHelper */ = {
			isa = XCSwiftPackageProductDependency;
			productName = SKHelper;
		};
/* End XCSwiftPackageProductDependency section */
	};
	rootObject = 6820466A2C6298DA002D9A68 /* Project object */;
}
