{
  "originHash" : "be4d2a1eaec0d13c8a8858bd3fcb4fd83d44f47996e2da380fd0d68eadc39d38",
  "pins" : [
    {
      "identity" : "skhelper",
      "kind" : "remoteSourceControl",
      "location" : "https://github.com/russell-archer/SKHelper",
      "state" : {
        "branch" : "main",
        "revision" : "fb17c621b6443bc20f6814254f8cf07c613e669a"
      }
    }
  ],
  "version" : 3
}
